// !$*UTF8*$!
{
	archiveVersion = 1;
	classes = {
	};
	objectVersion = 51;
	objects = {

/* Begin PBXBuildFile section */
		1E42FD2424A42BBF00DAE51D /* OOTDAddClothesItemPage.swift in Sources */ = {isa = PBXBuildFile; fileRef = 1E42FD2324A42BBF00DAE51D /* OOTDAddClothesItemPage.swift */; };
		1E42FD2624A5433600DAE51D /* OOTDWearColcView.swift in Sources */ = {isa = PBXBuildFile; fileRef = 1E42FD2524A5433500DAE51D /* OOTDWearColcView.swift */; };
		1E42FD2824A5436D00DAE51D /* OOTDWearColcViewCell.swift in Sources */ = {isa = PBXBuildFile; fileRef = 1E42FD2724A5436D00DAE51D /* OOTDWearColcViewCell.swift */; };
		1E42FD2B24A5534800DAE51D /* OOTDEditWearPage.swift in Sources */ = {isa = PBXBuildFile; fileRef = 1E42FD2A24A5534800DAE51D /* OOTDEditWearPage.swift */; };
		1E46FA4D24992F5A00631906 /* AppDelegate.swift in Sources */ = {isa = PBXBuildFile; fileRef = 1E46FA4C24992F5A00631906 /* AppDelegate.swift */; };
		1E46FA4F24992F5A00631906 /* SceneDelegate.swift in Sources */ = {isa = PBXBuildFile; fileRef = 1E46FA4E24992F5A00631906 /* SceneDelegate.swift */; };
		1E46FA5624992F5C00631906 /* Assets.xcassets in Resources */ = {isa = PBXBuildFile; fileRef = 1E46FA5524992F5C00631906 /* Assets.xcassets */; };
		1E46FA5924992F5C00631906 /* LaunchScreen.storyboard in Resources */ = {isa = PBXBuildFile; fileRef = 1E46FA5724992F5C00631906 /* LaunchScreen.storyboard */; };
		1E46FA6424992F5C00631906 /* OOTDTests.swift in Sources */ = {isa = PBXBuildFile; fileRef = 1E46FA6324992F5C00631906 /* OOTDTests.swift */; };
		1E46FA6F24992F5D00631906 /* OOTDUITests.swift in Sources */ = {isa = PBXBuildFile; fileRef = 1E46FA6E24992F5D00631906 /* OOTDUITests.swift */; };
		1E46FA7D24997AC000631906 /* OOTDConstant.swift in Sources */ = {isa = PBXBuildFile; fileRef = 1E46FA7C24997AC000631906 /* OOTDConstant.swift */; };
		1E46FA8E24997BA000631906 /* QLoginMethod.swift in Sources */ = {isa = PBXBuildFile; fileRef = 1E46FA7F24997B9F00631906 /* QLoginMethod.swift */; };
		1E46FA8F24997BA000631906 /* QLoginPage.swift in Sources */ = {isa = PBXBuildFile; fileRef = 1E46FA8024997B9F00631906 /* QLoginPage.swift */; };
		1E46FA9024997BA000631906 /* QSignUpPage.swift in Sources */ = {isa = PBXBuildFile; fileRef = 1E46FA8124997B9F00631906 /* QSignUpPage.swift */; };
		1E46FA9524997BA000631906 /* QTextInputWithLabelField.swift in Sources */ = {isa = PBXBuildFile; fileRef = 1E46FA8824997B9F00631906 /* QTextInputWithLabelField.swift */; };
		1E46FA9624997BA000631906 /* QLogoView.swift in Sources */ = {isa = PBXBuildFile; fileRef = 1E46FA8924997BA000631906 /* QLogoView.swift */; };
		1E46FA9724997BA000631906 /* File.swift in Sources */ = {isa = PBXBuildFile; fileRef = 1E46FA8A24997BA000631906 /* File.swift */; };
		1E46FA9824997BA000631906 /* QImageFile.swift in Sources */ = {isa = PBXBuildFile; fileRef = 1E46FA8B24997BA000631906 /* QImageFile.swift */; };
		1E46FA9924997BA000631906 /* QUploadImageView.swift in Sources */ = {isa = PBXBuildFile; fileRef = 1E46FA8C24997BA000631906 /* QUploadImageView.swift */; };
		1E46FA9A24997BA000631906 /* QTextInputView.swift in Sources */ = {isa = PBXBuildFile; fileRef = 1E46FA8D24997BA000631906 /* QTextInputView.swift */; };
		1E46FAB424997DF800631906 /* MavenPro-Black.ttf in Resources */ = {isa = PBXBuildFile; fileRef = 1E46FAA724997DF800631906 /* MavenPro-Black.ttf */; };
		1E46FAB524997DF800631906 /* MavenPro-Regular.ttf in Resources */ = {isa = PBXBuildFile; fileRef = 1E46FAA824997DF800631906 /* MavenPro-Regular.ttf */; };
		1E46FAB624997DF800631906 /* MavenPro-Medium.ttf in Resources */ = {isa = PBXBuildFile; fileRef = 1E46FAA924997DF800631906 /* MavenPro-Medium.ttf */; };
		1E46FAB724997DF800631906 /* MavenPro-Bold.ttf in Resources */ = {isa = PBXBuildFile; fileRef = 1E46FAAA24997DF800631906 /* MavenPro-Bold.ttf */; };
		1E46FAB824997DF800631906 /* UserRealmModel.swift in Sources */ = {isa = PBXBuildFile; fileRef = 1E46FAAC24997DF800631906 /* UserRealmModel.swift */; };
		1E46FAB924997DF800631906 /* QMainTabView.swift in Sources */ = {isa = PBXBuildFile; fileRef = 1E46FAAE24997DF800631906 /* QMainTabView.swift */; };
		1E46FABA24997DF800631906 /* OOTDClosetMainPage.swift in Sources */ = {isa = PBXBuildFile; fileRef = 1E46FAB024997DF800631906 /* OOTDClosetMainPage.swift */; };
		1E46FABC24997DF800631906 /* OOTDWearMainPage.swift in Sources */ = {isa = PBXBuildFile; fileRef = 1E46FAB324997DF800631906 /* OOTDWearMainPage.swift */; };
		1E46FABE2499B17D00631906 /* Main.storyboard in Resources */ = {isa = PBXBuildFile; fileRef = 1E46FABD2499B17D00631906 /* Main.storyboard */; };
		1E46FAC12499C18200631906 /* OOTDUserMainPage.swift in Sources */ = {isa = PBXBuildFile; fileRef = 1E46FAC02499C18200631906 /* OOTDUserMainPage.swift */; };
		1E46FAC32499CFB600631906 /* OOTDClosetMainViewCell.swift in Sources */ = {isa = PBXBuildFile; fileRef = 1E46FAC22499CFB600631906 /* OOTDClosetMainViewCell.swift */; };
		1E46FAC52499CFEC00631906 /* OOTDOneTypeClothesColcView.swift in Sources */ = {isa = PBXBuildFile; fileRef = 1E46FAC42499CFEC00631906 /* OOTDOneTypeClothesColcView.swift */; };
		1E46FAC7249A869500631906 /* OOTDClothesTypeView.swift in Sources */ = {isa = PBXBuildFile; fileRef = 1E46FAC6249A869500631906 /* OOTDClothesTypeView.swift */; };
		1E4B8FB2249D15E2006D9DE5 /* ClothesRealmModel.swift in Sources */ = {isa = PBXBuildFile; fileRef = 1E4B8FB1249D15E2006D9DE5 /* ClothesRealmModel.swift */; };
		1E4B8FB4249D22EA006D9DE5 /* OOTDOneTypeClothesMainPage.swift in Sources */ = {isa = PBXBuildFile; fileRef = 1E4B8FB3249D22EA006D9DE5 /* OOTDOneTypeClothesMainPage.swift */; };
		1E4CB321249DD9940058689B /* WearRealmModel.swift in Sources */ = {isa = PBXBuildFile; fileRef = 1E4CB320249DD9940058689B /* WearRealmModel.swift */; };
		1E4CB323249DF1730058689B /* WearClothesRealmModel.swift in Sources */ = {isa = PBXBuildFile; fileRef = 1E4CB322249DF1730058689B /* WearClothesRealmModel.swift */; };
		1E4CB325249DF2810058689B /* StickerViewProtocol.swift in Sources */ = {isa = PBXBuildFile; fileRef = 1E4CB324249DF2810058689B /* StickerViewProtocol.swift */; };
		1E4CB327249F13BA0058689B /* OOTDUserTitleView.swift in Sources */ = {isa = PBXBuildFile; fileRef = 1E4CB326249F13B90058689B /* OOTDUserTitleView.swift */; };
		1E4CB329249F14A70058689B /* OOTDUserAboutUsPage.swift in Sources */ = {isa = PBXBuildFile; fileRef = 1E4CB328249F14A70058689B /* OOTDUserAboutUsPage.swift */; };
		1E67906924A7166300937631 /* OOTDLayerEditPage.swift in Sources */ = {isa = PBXBuildFile; fileRef = 1E67906724A7166300937631 /* OOTDLayerEditPage.swift */; };
		1E67906A24A7166300937631 /* OOTDLayerEditCell.swift in Sources */ = {isa = PBXBuildFile; fileRef = 1E67906824A7166300937631 /* OOTDLayerEditCell.swift */; };
		1E67907124A71A3800937631 /* OOTDClothesGridCell.swift in Sources */ = {isa = PBXBuildFile; fileRef = 1E67906B24A71A3800937631 /* OOTDClothesGridCell.swift */; };
		1E67907224A71A3800937631 /* OOTDClothesPagerCell.swift in Sources */ = {isa = PBXBuildFile; fileRef = 1E67906C24A71A3800937631 /* OOTDClothesPagerCell.swift */; };
		1E67907324A71A3800937631 /* OOTDClosetSubTypePagerCell.swift in Sources */ = {isa = PBXBuildFile; fileRef = 1E67906D24A71A3800937631 /* OOTDClosetSubTypePagerCell.swift */; };
		1E67907524A71A3800937631 /* OOTDClosetView.swift in Sources */ = {isa = PBXBuildFile; fileRef = 1E67906F24A71A3800937631 /* OOTDClosetView.swift */; };
		1E67907F24A71F9F00937631 /* OOTDIconToolBarCell.swift in Sources */ = {isa = PBXBuildFile; fileRef = 1E67907924A71F9F00937631 /* OOTDIconToolBarCell.swift */; };
		1E67908024A71F9F00937631 /* OOTDTextToolBar.swift in Sources */ = {isa = PBXBuildFile; fileRef = 1E67907A24A71F9F00937631 /* OOTDTextToolBar.swift */; };
		1E67908124A71F9F00937631 /* OOTDTextToolBarCell.swift in Sources */ = {isa = PBXBuildFile; fileRef = 1E67907B24A71F9F00937631 /* OOTDTextToolBarCell.swift */; };
		1E67908224A71F9F00937631 /* OOTDIconToolBarModel.swift in Sources */ = {isa = PBXBuildFile; fileRef = 1E67907C24A71F9F00937631 /* OOTDIconToolBarModel.swift */; };
		1E67908324A71F9F00937631 /* OOTDTextToolBarModel.swift in Sources */ = {isa = PBXBuildFile; fileRef = 1E67907D24A71F9F00937631 /* OOTDTextToolBarModel.swift */; };
		1E67908424A71F9F00937631 /* OOTDIconToolBar.swift in Sources */ = {isa = PBXBuildFile; fileRef = 1E67907E24A71F9F00937631 /* OOTDIconToolBar.swift */; };
		1E67908624A7284500937631 /* OOTDClothesImageEditArea.swift in Sources */ = {isa = PBXBuildFile; fileRef = 1E67908524A7284500937631 /* OOTDClothesImageEditArea.swift */; };
		1E67908A24A7291300937631 /* OOTDStickerView.swift in Sources */ = {isa = PBXBuildFile; fileRef = 1E67908924A7291300937631 /* OOTDStickerView.swift */; };
		1E67908C24A86E5200937631 /* OOTDClosetTypePager.swift in Sources */ = {isa = PBXBuildFile; fileRef = 1E67908B24A86E5200937631 /* OOTDClosetTypePager.swift */; };
		4F9F38AE9053E40A95464D65 /* Pods_OOTD_OOTDUITests.framework in Frameworks */ = {isa = PBXBuildFile; fileRef = 76D6BA1D0CE92236FA1EF820 /* Pods_OOTD_OOTDUITests.framework */; };
		733714F4F20DB43C985D93A6 /* Pods_OOTDTests.framework in Frameworks */ = {isa = PBXBuildFile; fileRef = 7A75B3677F31482A38780B4F /* Pods_OOTDTests.framework */; };
		DDC4AAA5500E29BC8F274221 /* Pods_OOTD.framework in Frameworks */ = {isa = PBXBuildFile; fileRef = 2F0E781F6A293C05D1E8BA71 /* Pods_OOTD.framework */; };
/* End PBXBuildFile section */

/* Begin PBXContainerItemProxy section */
		1E46FA6024992F5C00631906 /* PBXContainerItemProxy */ = {
			isa = PBXContainerItemProxy;
			containerPortal = 1E46FA4124992F5A00631906 /* Project object */;
			proxyType = 1;
			remoteGlobalIDString = 1E46FA4824992F5A00631906;
			remoteInfo = OOTD;
		};
		1E46FA6B24992F5D00631906 /* PBXContainerItemProxy */ = {
			isa = PBXContainerItemProxy;
			containerPortal = 1E46FA4124992F5A00631906 /* Project object */;
			proxyType = 1;
			remoteGlobalIDString = 1E46FA4824992F5A00631906;
			remoteInfo = OOTD;
		};
/* End PBXContainerItemProxy section */

/* Begin PBXFileReference section */
		1E42FD2324A42BBF00DAE51D /* OOTDAddClothesItemPage.swift */ = {isa = PBXFileReference; lastKnownFileType = sourcecode.swift; path = OOTDAddClothesItemPage.swift; sourceTree = "<group>"; };
		1E42FD2524A5433500DAE51D /* OOTDWearColcView.swift */ = {isa = PBXFileReference; lastKnownFileType = sourcecode.swift; path = OOTDWearColcView.swift; sourceTree = "<group>"; };
		1E42FD2724A5436D00DAE51D /* OOTDWearColcViewCell.swift */ = {isa = PBXFileReference; lastKnownFileType = sourcecode.swift; path = OOTDWearColcViewCell.swift; sourceTree = "<group>"; };
		1E42FD2A24A5534800DAE51D /* OOTDEditWearPage.swift */ = {isa = PBXFileReference; lastKnownFileType = sourcecode.swift; path = OOTDEditWearPage.swift; sourceTree = "<group>"; };
		1E46FA4924992F5A00631906 /* OOTD.app */ = {isa = PBXFileReference; explicitFileType = wrapper.application; includeInIndex = 0; path = OOTD.app; sourceTree = BUILT_PRODUCTS_DIR; };
		1E46FA4C24992F5A00631906 /* AppDelegate.swift */ = {isa = PBXFileReference; lastKnownFileType = sourcecode.swift; path = AppDelegate.swift; sourceTree = "<group>"; };
		1E46FA4E24992F5A00631906 /* SceneDelegate.swift */ = {isa = PBXFileReference; lastKnownFileType = sourcecode.swift; path = SceneDelegate.swift; sourceTree = "<group>"; };
		1E46FA5524992F5C00631906 /* Assets.xcassets */ = {isa = PBXFileReference; lastKnownFileType = folder.assetcatalog; path = Assets.xcassets; sourceTree = "<group>"; };
		1E46FA5824992F5C00631906 /* Base */ = {isa = PBXFileReference; lastKnownFileType = file.storyboard; name = Base; path = Base.lproj/LaunchScreen.storyboard; sourceTree = "<group>"; };
		1E46FA5A24992F5C00631906 /* Info.plist */ = {isa = PBXFileReference; lastKnownFileType = text.plist.xml; path = Info.plist; sourceTree = "<group>"; };
		1E46FA5F24992F5C00631906 /* OOTDTests.xctest */ = {isa = PBXFileReference; explicitFileType = wrapper.cfbundle; includeInIndex = 0; path = OOTDTests.xctest; sourceTree = BUILT_PRODUCTS_DIR; };
		1E46FA6324992F5C00631906 /* OOTDTests.swift */ = {isa = PBXFileReference; lastKnownFileType = sourcecode.swift; path = OOTDTests.swift; sourceTree = "<group>"; };
		1E46FA6524992F5C00631906 /* Info.plist */ = {isa = PBXFileReference; lastKnownFileType = text.plist.xml; path = Info.plist; sourceTree = "<group>"; };
		1E46FA6A24992F5D00631906 /* OOTDUITests.xctest */ = {isa = PBXFileReference; explicitFileType = wrapper.cfbundle; includeInIndex = 0; path = OOTDUITests.xctest; sourceTree = BUILT_PRODUCTS_DIR; };
		1E46FA6E24992F5D00631906 /* OOTDUITests.swift */ = {isa = PBXFileReference; lastKnownFileType = sourcecode.swift; path = OOTDUITests.swift; sourceTree = "<group>"; };
		1E46FA7024992F5D00631906 /* Info.plist */ = {isa = PBXFileReference; lastKnownFileType = text.plist.xml; path = Info.plist; sourceTree = "<group>"; };
		1E46FA7C24997AC000631906 /* OOTDConstant.swift */ = {isa = PBXFileReference; fileEncoding = 4; lastKnownFileType = sourcecode.swift; path = OOTDConstant.swift; sourceTree = "<group>"; };
		1E46FA7F24997B9F00631906 /* QLoginMethod.swift */ = {isa = PBXFileReference; fileEncoding = 4; lastKnownFileType = sourcecode.swift; path = QLoginMethod.swift; sourceTree = "<group>"; };
		1E46FA8024997B9F00631906 /* QLoginPage.swift */ = {isa = PBXFileReference; fileEncoding = 4; lastKnownFileType = sourcecode.swift; path = QLoginPage.swift; sourceTree = "<group>"; };
		1E46FA8124997B9F00631906 /* QSignUpPage.swift */ = {isa = PBXFileReference; fileEncoding = 4; lastKnownFileType = sourcecode.swift; path = QSignUpPage.swift; sourceTree = "<group>"; };
		1E46FA8824997B9F00631906 /* QTextInputWithLabelField.swift */ = {isa = PBXFileReference; fileEncoding = 4; lastKnownFileType = sourcecode.swift; path = QTextInputWithLabelField.swift; sourceTree = "<group>"; };
		1E46FA8924997BA000631906 /* QLogoView.swift */ = {isa = PBXFileReference; fileEncoding = 4; lastKnownFileType = sourcecode.swift; path = QLogoView.swift; sourceTree = "<group>"; };
		1E46FA8A24997BA000631906 /* File.swift */ = {isa = PBXFileReference; fileEncoding = 4; lastKnownFileType = sourcecode.swift; path = File.swift; sourceTree = "<group>"; };
		1E46FA8B24997BA000631906 /* QImageFile.swift */ = {isa = PBXFileReference; fileEncoding = 4; lastKnownFileType = sourcecode.swift; path = QImageFile.swift; sourceTree = "<group>"; };
		1E46FA8C24997BA000631906 /* QUploadImageView.swift */ = {isa = PBXFileReference; fileEncoding = 4; lastKnownFileType = sourcecode.swift; path = QUploadImageView.swift; sourceTree = "<group>"; };
		1E46FA8D24997BA000631906 /* QTextInputView.swift */ = {isa = PBXFileReference; fileEncoding = 4; lastKnownFileType = sourcecode.swift; path = QTextInputView.swift; sourceTree = "<group>"; };
		1E46FAA724997DF800631906 /* MavenPro-Black.ttf */ = {isa = PBXFileReference; lastKnownFileType = file; path = "MavenPro-Black.ttf"; sourceTree = "<group>"; };
		1E46FAA824997DF800631906 /* MavenPro-Regular.ttf */ = {isa = PBXFileReference; lastKnownFileType = file; path = "MavenPro-Regular.ttf"; sourceTree = "<group>"; };
		1E46FAA924997DF800631906 /* MavenPro-Medium.ttf */ = {isa = PBXFileReference; lastKnownFileType = file; path = "MavenPro-Medium.ttf"; sourceTree = "<group>"; };
		1E46FAAA24997DF800631906 /* MavenPro-Bold.ttf */ = {isa = PBXFileReference; lastKnownFileType = file; path = "MavenPro-Bold.ttf"; sourceTree = "<group>"; };
		1E46FAAC24997DF800631906 /* UserRealmModel.swift */ = {isa = PBXFileReference; fileEncoding = 4; lastKnownFileType = sourcecode.swift; path = UserRealmModel.swift; sourceTree = "<group>"; };
		1E46FAAE24997DF800631906 /* QMainTabView.swift */ = {isa = PBXFileReference; fileEncoding = 4; lastKnownFileType = sourcecode.swift; path = QMainTabView.swift; sourceTree = "<group>"; };
		1E46FAB024997DF800631906 /* OOTDClosetMainPage.swift */ = {isa = PBXFileReference; fileEncoding = 4; lastKnownFileType = sourcecode.swift; path = OOTDClosetMainPage.swift; sourceTree = "<group>"; };
		1E46FAB324997DF800631906 /* OOTDWearMainPage.swift */ = {isa = PBXFileReference; fileEncoding = 4; lastKnownFileType = sourcecode.swift; path = OOTDWearMainPage.swift; sourceTree = "<group>"; };
		1E46FABD2499B17D00631906 /* Main.storyboard */ = {isa = PBXFileReference; fileEncoding = 4; lastKnownFileType = file.storyboard; path = Main.storyboard; sourceTree = "<group>"; };
		1E46FAC02499C18200631906 /* OOTDUserMainPage.swift */ = {isa = PBXFileReference; fileEncoding = 4; lastKnownFileType = sourcecode.swift; path = OOTDUserMainPage.swift; sourceTree = "<group>"; };
		1E46FAC22499CFB600631906 /* OOTDClosetMainViewCell.swift */ = {isa = PBXFileReference; lastKnownFileType = sourcecode.swift; path = OOTDClosetMainViewCell.swift; sourceTree = "<group>"; };
		1E46FAC42499CFEC00631906 /* OOTDOneTypeClothesColcView.swift */ = {isa = PBXFileReference; lastKnownFileType = sourcecode.swift; path = OOTDOneTypeClothesColcView.swift; sourceTree = "<group>"; };
		1E46FAC6249A869500631906 /* OOTDClothesTypeView.swift */ = {isa = PBXFileReference; lastKnownFileType = sourcecode.swift; path = OOTDClothesTypeView.swift; sourceTree = "<group>"; };
		1E4B8FB1249D15E2006D9DE5 /* ClothesRealmModel.swift */ = {isa = PBXFileReference; lastKnownFileType = sourcecode.swift; path = ClothesRealmModel.swift; sourceTree = "<group>"; };
		1E4B8FB3249D22EA006D9DE5 /* OOTDOneTypeClothesMainPage.swift */ = {isa = PBXFileReference; lastKnownFileType = sourcecode.swift; path = OOTDOneTypeClothesMainPage.swift; sourceTree = "<group>"; };
		1E4CB320249DD9940058689B /* WearRealmModel.swift */ = {isa = PBXFileReference; lastKnownFileType = sourcecode.swift; path = WearRealmModel.swift; sourceTree = "<group>"; };
		1E4CB322249DF1730058689B /* WearClothesRealmModel.swift */ = {isa = PBXFileReference; lastKnownFileType = sourcecode.swift; path = WearClothesRealmModel.swift; sourceTree = "<group>"; };
		1E4CB324249DF2810058689B /* StickerViewProtocol.swift */ = {isa = PBXFileReference; lastKnownFileType = sourcecode.swift; path = StickerViewProtocol.swift; sourceTree = "<group>"; };
		1E4CB326249F13B90058689B /* OOTDUserTitleView.swift */ = {isa = PBXFileReference; lastKnownFileType = sourcecode.swift; path = OOTDUserTitleView.swift; sourceTree = "<group>"; };
		1E4CB328249F14A70058689B /* OOTDUserAboutUsPage.swift */ = {isa = PBXFileReference; lastKnownFileType = sourcecode.swift; path = OOTDUserAboutUsPage.swift; sourceTree = "<group>"; };
		1E67906724A7166300937631 /* OOTDLayerEditPage.swift */ = {isa = PBXFileReference; fileEncoding = 4; lastKnownFileType = sourcecode.swift; path = OOTDLayerEditPage.swift; sourceTree = "<group>"; };
		1E67906824A7166300937631 /* OOTDLayerEditCell.swift */ = {isa = PBXFileReference; fileEncoding = 4; lastKnownFileType = sourcecode.swift; path = OOTDLayerEditCell.swift; sourceTree = "<group>"; };
		1E67906B24A71A3800937631 /* OOTDClothesGridCell.swift */ = {isa = PBXFileReference; fileEncoding = 4; lastKnownFileType = sourcecode.swift; path = OOTDClothesGridCell.swift; sourceTree = "<group>"; };
		1E67906C24A71A3800937631 /* OOTDClothesPagerCell.swift */ = {isa = PBXFileReference; fileEncoding = 4; lastKnownFileType = sourcecode.swift; path = OOTDClothesPagerCell.swift; sourceTree = "<group>"; };
		1E67906D24A71A3800937631 /* OOTDClosetSubTypePagerCell.swift */ = {isa = PBXFileReference; fileEncoding = 4; lastKnownFileType = sourcecode.swift; path = OOTDClosetSubTypePagerCell.swift; sourceTree = "<group>"; };
		1E67906F24A71A3800937631 /* OOTDClosetView.swift */ = {isa = PBXFileReference; fileEncoding = 4; lastKnownFileType = sourcecode.swift; path = OOTDClosetView.swift; sourceTree = "<group>"; };
		1E67907924A71F9F00937631 /* OOTDIconToolBarCell.swift */ = {isa = PBXFileReference; fileEncoding = 4; lastKnownFileType = sourcecode.swift; path = OOTDIconToolBarCell.swift; sourceTree = "<group>"; };
		1E67907A24A71F9F00937631 /* OOTDTextToolBar.swift */ = {isa = PBXFileReference; fileEncoding = 4; lastKnownFileType = sourcecode.swift; path = OOTDTextToolBar.swift; sourceTree = "<group>"; };
		1E67907B24A71F9F00937631 /* OOTDTextToolBarCell.swift */ = {isa = PBXFileReference; fileEncoding = 4; lastKnownFileType = sourcecode.swift; path = OOTDTextToolBarCell.swift; sourceTree = "<group>"; };
		1E67907C24A71F9F00937631 /* OOTDIconToolBarModel.swift */ = {isa = PBXFileReference; fileEncoding = 4; lastKnownFileType = sourcecode.swift; path = OOTDIconToolBarModel.swift; sourceTree = "<group>"; };
		1E67907D24A71F9F00937631 /* OOTDTextToolBarModel.swift */ = {isa = PBXFileReference; fileEncoding = 4; lastKnownFileType = sourcecode.swift; path = OOTDTextToolBarModel.swift; sourceTree = "<group>"; };
		1E67907E24A71F9F00937631 /* OOTDIconToolBar.swift */ = {isa = PBXFileReference; fileEncoding = 4; lastKnownFileType = sourcecode.swift; path = OOTDIconToolBar.swift; sourceTree = "<group>"; };
		1E67908524A7284500937631 /* OOTDClothesImageEditArea.swift */ = {isa = PBXFileReference; lastKnownFileType = sourcecode.swift; path = OOTDClothesImageEditArea.swift; sourceTree = "<group>"; };
		1E67908924A7291300937631 /* OOTDStickerView.swift */ = {isa = PBXFileReference; lastKnownFileType = sourcecode.swift; path = OOTDStickerView.swift; sourceTree = "<group>"; };
		1E67908B24A86E5200937631 /* OOTDClosetTypePager.swift */ = {isa = PBXFileReference; lastKnownFileType = sourcecode.swift; path = OOTDClosetTypePager.swift; sourceTree = "<group>"; };
		285FD89C394E0B2B9B6BD397 /* Pods-OOTDTests.release.xcconfig */ = {isa = PBXFileReference; includeInIndex = 1; lastKnownFileType = text.xcconfig; name = "Pods-OOTDTests.release.xcconfig"; path = "Target Support Files/Pods-OOTDTests/Pods-OOTDTests.release.xcconfig"; sourceTree = "<group>"; };
		2F0E781F6A293C05D1E8BA71 /* Pods_OOTD.framework */ = {isa = PBXFileReference; explicitFileType = wrapper.framework; includeInIndex = 0; path = Pods_OOTD.framework; sourceTree = BUILT_PRODUCTS_DIR; };
		76D6BA1D0CE92236FA1EF820 /* Pods_OOTD_OOTDUITests.framework */ = {isa = PBXFileReference; explicitFileType = wrapper.framework; includeInIndex = 0; path = Pods_OOTD_OOTDUITests.framework; sourceTree = BUILT_PRODUCTS_DIR; };
		7A75B3677F31482A38780B4F /* Pods_OOTDTests.framework */ = {isa = PBXFileReference; explicitFileType = wrapper.framework; includeInIndex = 0; path = Pods_OOTDTests.framework; sourceTree = BUILT_PRODUCTS_DIR; };
		7F0F2ACCDC316747C324A049 /* Pods-OOTD.release.xcconfig */ = {isa = PBXFileReference; includeInIndex = 1; lastKnownFileType = text.xcconfig; name = "Pods-OOTD.release.xcconfig"; path = "Target Support Files/Pods-OOTD/Pods-OOTD.release.xcconfig"; sourceTree = "<group>"; };
		9184C62D96B1EE872A0792F0 /* Pods-OOTD.debug.xcconfig */ = {isa = PBXFileReference; includeInIndex = 1; lastKnownFileType = text.xcconfig; name = "Pods-OOTD.debug.xcconfig"; path = "Target Support Files/Pods-OOTD/Pods-OOTD.debug.xcconfig"; sourceTree = "<group>"; };
		DAD491F2ED0790B0D0865198 /* Pods-OOTD-OOTDUITests.debug.xcconfig */ = {isa = PBXFileReference; includeInIndex = 1; lastKnownFileType = text.xcconfig; name = "Pods-OOTD-OOTDUITests.debug.xcconfig"; path = "Target Support Files/Pods-OOTD-OOTDUITests/Pods-OOTD-OOTDUITests.debug.xcconfig"; sourceTree = "<group>"; };
		EFD38FACF10314DD76DB76BA /* Pods-OOTD-OOTDUITests.release.xcconfig */ = {isa = PBXFileReference; includeInIndex = 1; lastKnownFileType = text.xcconfig; name = "Pods-OOTD-OOTDUITests.release.xcconfig"; path = "Target Support Files/Pods-OOTD-OOTDUITests/Pods-OOTD-OOTDUITests.release.xcconfig"; sourceTree = "<group>"; };
		F558ECA92A904B13B0E663E6 /* Pods-OOTDTests.debug.xcconfig */ = {isa = PBXFileReference; includeInIndex = 1; lastKnownFileType = text.xcconfig; name = "Pods-OOTDTests.debug.xcconfig"; path = "Target Support Files/Pods-OOTDTests/Pods-OOTDTests.debug.xcconfig"; sourceTree = "<group>"; };
/* End PBXFileReference section */

/* Begin PBXFrameworksBuildPhase section */
		1E46FA4624992F5A00631906 /* Frameworks */ = {
			isa = PBXFrameworksBuildPhase;
			buildActionMask = 2147483647;
			files = (
				DDC4AAA5500E29BC8F274221 /* Pods_OOTD.framework in Frameworks */,
			);
			runOnlyForDeploymentPostprocessing = 0;
		};
		1E46FA5C24992F5C00631906 /* Frameworks */ = {
			isa = PBXFrameworksBuildPhase;
			buildActionMask = 2147483647;
			files = (
				733714F4F20DB43C985D93A6 /* Pods_OOTDTests.framework in Frameworks */,
			);
			runOnlyForDeploymentPostprocessing = 0;
		};
		1E46FA6724992F5D00631906 /* Frameworks */ = {
			isa = PBXFrameworksBuildPhase;
			buildActionMask = 2147483647;
			files = (
				4F9F38AE9053E40A95464D65 /* Pods_OOTD_OOTDUITests.framework in Frameworks */,
			);
			runOnlyForDeploymentPostprocessing = 0;
		};
/* End PBXFrameworksBuildPhase section */

/* Begin PBXGroup section */
		09EEFE049D4902F2CC54C461 /* Frameworks */ = {
			isa = PBXGroup;
			children = (
				2F0E781F6A293C05D1E8BA71 /* Pods_OOTD.framework */,
				76D6BA1D0CE92236FA1EF820 /* Pods_OOTD_OOTDUITests.framework */,
				7A75B3677F31482A38780B4F /* Pods_OOTDTests.framework */,
			);
			name = Frameworks;
			sourceTree = "<group>";
		};
		1E46FA4024992F5A00631906 = {
			isa = PBXGroup;
			children = (
				1E46FA4B24992F5A00631906 /* OOTD */,
				1E46FA6224992F5C00631906 /* OOTDTests */,
				1E46FA6D24992F5D00631906 /* OOTDUITests */,
				1E46FA4A24992F5A00631906 /* Products */,
				362FB14AF795982AA4A9C725 /* Pods */,
				09EEFE049D4902F2CC54C461 /* Frameworks */,
			);
			sourceTree = "<group>";
		};
		1E46FA4A24992F5A00631906 /* Products */ = {
			isa = PBXGroup;
			children = (
				1E46FA4924992F5A00631906 /* OOTD.app */,
				1E46FA5F24992F5C00631906 /* OOTDTests.xctest */,
				1E46FA6A24992F5D00631906 /* OOTDUITests.xctest */,
			);
			name = Products;
			sourceTree = "<group>";
		};
		1E46FA4B24992F5A00631906 /* OOTD */ = {
			isa = PBXGroup;
			children = (
				1E46FA4C24992F5A00631906 /* AppDelegate.swift */,
				1E46FA4E24992F5A00631906 /* SceneDelegate.swift */,
				1E46FA7C24997AC000631906 /* OOTDConstant.swift */,
				1E46FAA624997DF800631906 /* OOTDFonts */,
				1E46FAAD24997DF800631906 /* OOTDMainPage */,
				1E46FAAB24997DF800631906 /* OOTDModels */,
				1E46FA8724997B9F00631906 /* OOTDLib */,
				1E46FA7E24997B9F00631906 /* OOTDLoginPage */,
				1E46FA5524992F5C00631906 /* Assets.xcassets */,
				1E46FABD2499B17D00631906 /* Main.storyboard */,
				1E46FA5724992F5C00631906 /* LaunchScreen.storyboard */,
				1E46FA5A24992F5C00631906 /* Info.plist */,
			);
			path = OOTD;
			sourceTree = "<group>";
		};
		1E46FA6224992F5C00631906 /* OOTDTests */ = {
			isa = PBXGroup;
			children = (
				1E46FA6324992F5C00631906 /* OOTDTests.swift */,
				1E46FA6524992F5C00631906 /* Info.plist */,
			);
			path = OOTDTests;
			sourceTree = "<group>";
		};
		1E46FA6D24992F5D00631906 /* OOTDUITests */ = {
			isa = PBXGroup;
			children = (
				1E46FA6E24992F5D00631906 /* OOTDUITests.swift */,
				1E46FA7024992F5D00631906 /* Info.plist */,
			);
			path = OOTDUITests;
			sourceTree = "<group>";
		};
		1E46FA7E24997B9F00631906 /* OOTDLoginPage */ = {
			isa = PBXGroup;
			children = (
				1E46FA7F24997B9F00631906 /* QLoginMethod.swift */,
				1E46FA8024997B9F00631906 /* QLoginPage.swift */,
				1E46FA8124997B9F00631906 /* QSignUpPage.swift */,
			);
			path = OOTDLoginPage;
			sourceTree = "<group>";
		};
		1E46FA8724997B9F00631906 /* OOTDLib */ = {
			isa = PBXGroup;
			children = (
				1E46FA8824997B9F00631906 /* QTextInputWithLabelField.swift */,
				1E46FA8924997BA000631906 /* QLogoView.swift */,
				1E46FA8A24997BA000631906 /* File.swift */,
				1E46FA8B24997BA000631906 /* QImageFile.swift */,
				1E46FA8C24997BA000631906 /* QUploadImageView.swift */,
				1E46FA8D24997BA000631906 /* QTextInputView.swift */,
			);
			path = OOTDLib;
			sourceTree = "<group>";
		};
		1E46FAA624997DF800631906 /* OOTDFonts */ = {
			isa = PBXGroup;
			children = (
				1E46FAA724997DF800631906 /* MavenPro-Black.ttf */,
				1E46FAA824997DF800631906 /* MavenPro-Regular.ttf */,
				1E46FAA924997DF800631906 /* MavenPro-Medium.ttf */,
				1E46FAAA24997DF800631906 /* MavenPro-Bold.ttf */,
			);
			path = OOTDFonts;
			sourceTree = "<group>";
		};
		1E46FAAB24997DF800631906 /* OOTDModels */ = {
			isa = PBXGroup;
			children = (
				1E46FAAC24997DF800631906 /* UserRealmModel.swift */,
				1E4B8FB1249D15E2006D9DE5 /* ClothesRealmModel.swift */,
				1E4CB320249DD9940058689B /* WearRealmModel.swift */,
				1E4CB322249DF1730058689B /* WearClothesRealmModel.swift */,
				1E4CB324249DF2810058689B /* StickerViewProtocol.swift */,
			);
			path = OOTDModels;
			sourceTree = "<group>";
		};
		1E46FAAD24997DF800631906 /* OOTDMainPage */ = {
			isa = PBXGroup;
			children = (
				1E67908824A728F600937631 /* stickerView */,
				1E46FAAE24997DF800631906 /* QMainTabView.swift */,
				1E46FAB124997DF800631906 /* wearListPage */,
				1E67907724A71AAE00937631 /* editWearPage */,
				1E67907824A71F5900937631 /* iconToolBar */,
				1E46FAAF24997DF800631906 /* closetPage */,
				1E46FABF2499C11100631906 /* userPage */,
			);
			path = OOTDMainPage;
			sourceTree = "<group>";
		};
		1E46FAAF24997DF800631906 /* closetPage */ = {
			isa = PBXGroup;
			children = (
				1E46FAB024997DF800631906 /* OOTDClosetMainPage.swift */,
				1E42FD2324A42BBF00DAE51D /* OOTDAddClothesItemPage.swift */,
				1E46FAC6249A869500631906 /* OOTDClothesTypeView.swift */,
				1E4B8FB3249D22EA006D9DE5 /* OOTDOneTypeClothesMainPage.swift */,
				1E46FAC42499CFEC00631906 /* OOTDOneTypeClothesColcView.swift */,
				1E46FAC22499CFB600631906 /* OOTDClosetMainViewCell.swift */,
			);
			path = closetPage;
			sourceTree = "<group>";
		};
		1E46FAB124997DF800631906 /* wearListPage */ = {
			isa = PBXGroup;
			children = (
				1E46FAB324997DF800631906 /* OOTDWearMainPage.swift */,
				1E42FD2524A5433500DAE51D /* OOTDWearColcView.swift */,
				1E42FD2724A5436D00DAE51D /* OOTDWearColcViewCell.swift */,
			);
			path = wearListPage;
			sourceTree = "<group>";
		};
		1E46FABF2499C11100631906 /* userPage */ = {
			isa = PBXGroup;
			children = (
				1E46FAC02499C18200631906 /* OOTDUserMainPage.swift */,
				1E4CB326249F13B90058689B /* OOTDUserTitleView.swift */,
				1E4CB328249F14A70058689B /* OOTDUserAboutUsPage.swift */,
			);
			path = userPage;
			sourceTree = "<group>";
		};
		1E67907724A71AAE00937631 /* editWearPage */ = {
			isa = PBXGroup;
			children = (
				1E42FD2A24A5534800DAE51D /* OOTDEditWearPage.swift */,
				1E67908524A7284500937631 /* OOTDClothesImageEditArea.swift */,
				1E67906724A7166300937631 /* OOTDLayerEditPage.swift */,
				1E67906824A7166300937631 /* OOTDLayerEditCell.swift */,
				1E67906F24A71A3800937631 /* OOTDClosetView.swift */,
				1E67908B24A86E5200937631 /* OOTDClosetTypePager.swift */,
				1E67906D24A71A3800937631 /* OOTDClosetSubTypePagerCell.swift */,
				1E67906C24A71A3800937631 /* OOTDClothesPagerCell.swift */,
				1E67906B24A71A3800937631 /* OOTDClothesGridCell.swift */,
			);
			path = editWearPage;
			sourceTree = "<group>";
		};
		1E67907824A71F5900937631 /* iconToolBar */ = {
			isa = PBXGroup;
			children = (
				1E67907E24A71F9F00937631 /* OOTDIconToolBar.swift */,
				1E67907924A71F9F00937631 /* OOTDIconToolBarCell.swift */,
				1E67907C24A71F9F00937631 /* OOTDIconToolBarModel.swift */,
				1E67907A24A71F9F00937631 /* OOTDTextToolBar.swift */,
				1E67907B24A71F9F00937631 /* OOTDTextToolBarCell.swift */,
				1E67907D24A71F9F00937631 /* OOTDTextToolBarModel.swift */,
			);
			path = iconToolBar;
			sourceTree = "<group>";
		};
		1E67908824A728F600937631 /* stickerView */ = {
			isa = PBXGroup;
			children = (
				1E67908924A7291300937631 /* OOTDStickerView.swift */,
			);
			path = stickerView;
			sourceTree = "<group>";
		};
		362FB14AF795982AA4A9C725 /* Pods */ = {
			isa = PBXGroup;
			children = (
				9184C62D96B1EE872A0792F0 /* Pods-OOTD.debug.xcconfig */,
				7F0F2ACCDC316747C324A049 /* Pods-OOTD.release.xcconfig */,
				DAD491F2ED0790B0D0865198 /* Pods-OOTD-OOTDUITests.debug.xcconfig */,
				EFD38FACF10314DD76DB76BA /* Pods-OOTD-OOTDUITests.release.xcconfig */,
				F558ECA92A904B13B0E663E6 /* Pods-OOTDTests.debug.xcconfig */,
				285FD89C394E0B2B9B6BD397 /* Pods-OOTDTests.release.xcconfig */,
			);
			path = Pods;
			sourceTree = "<group>";
		};
/* End PBXGroup section */

/* Begin PBXNativeTarget section */
		1E46FA4824992F5A00631906 /* OOTD */ = {
			isa = PBXNativeTarget;
			buildConfigurationList = 1E46FA7324992F5D00631906 /* Build configuration list for PBXNativeTarget "OOTD" */;
			buildPhases = (
				2627BB866BB97D29AB3858D8 /* [CP] Check Pods Manifest.lock */,
				1E46FA4524992F5A00631906 /* Sources */,
				1E46FA4624992F5A00631906 /* Frameworks */,
				1E46FA4724992F5A00631906 /* Resources */,
				610607D999C923335D835192 /* [CP] Embed Pods Frameworks */,
			);
			buildRules = (
			);
			dependencies = (
			);
			name = OOTD;
			productName = OOTD;
			productReference = 1E46FA4924992F5A00631906 /* OOTD.app */;
			productType = "com.apple.product-type.application";
		};
		1E46FA5E24992F5C00631906 /* OOTDTests */ = {
			isa = PBXNativeTarget;
			buildConfigurationList = 1E46FA7624992F5D00631906 /* Build configuration list for PBXNativeTarget "OOTDTests" */;
			buildPhases = (
				C43A3E2E4947A0D5862A7DA8 /* [CP] Check Pods Manifest.lock */,
				1E46FA5B24992F5C00631906 /* Sources */,
				1E46FA5C24992F5C00631906 /* Frameworks */,
				1E46FA5D24992F5C00631906 /* Resources */,
			);
			buildRules = (
			);
			dependencies = (
				1E46FA6124992F5C00631906 /* PBXTargetDependency */,
			);
			name = OOTDTests;
			productName = OOTDTests;
			productReference = 1E46FA5F24992F5C00631906 /* OOTDTests.xctest */;
			productType = "com.apple.product-type.bundle.unit-test";
		};
		1E46FA6924992F5D00631906 /* OOTDUITests */ = {
			isa = PBXNativeTarget;
			buildConfigurationList = 1E46FA7924992F5D00631906 /* Build configuration list for PBXNativeTarget "OOTDUITests" */;
			buildPhases = (
				563CDED1305901D7CD948DA9 /* [CP] Check Pods Manifest.lock */,
				1E46FA6624992F5D00631906 /* Sources */,
				1E46FA6724992F5D00631906 /* Frameworks */,
				1E46FA6824992F5D00631906 /* Resources */,
				913A9E836ED377C61ABCFA98 /* [CP] Embed Pods Frameworks */,
			);
			buildRules = (
			);
			dependencies = (
				1E46FA6C24992F5D00631906 /* PBXTargetDependency */,
			);
			name = OOTDUITests;
			productName = OOTDUITests;
			productReference = 1E46FA6A24992F5D00631906 /* OOTDUITests.xctest */;
			productType = "com.apple.product-type.bundle.ui-testing";
		};
/* End PBXNativeTarget section */

/* Begin PBXProject section */
		1E46FA4124992F5A00631906 /* Project object */ = {
			isa = PBXProject;
			attributes = {
				LastSwiftUpdateCheck = 1130;
				LastUpgradeCheck = 1130;
				ORGANIZATIONNAME = qiaoliwen;
				TargetAttributes = {
					1E46FA4824992F5A00631906 = {
						CreatedOnToolsVersion = 11.3;
					};
					1E46FA5E24992F5C00631906 = {
						CreatedOnToolsVersion = 11.3;
						TestTargetID = 1E46FA4824992F5A00631906;
					};
					1E46FA6924992F5D00631906 = {
						CreatedOnToolsVersion = 11.3;
						TestTargetID = 1E46FA4824992F5A00631906;
					};
				};
			};
			buildConfigurationList = 1E46FA4424992F5A00631906 /* Build configuration list for PBXProject "OOTD" */;
			compatibilityVersion = "Xcode 9.3";
			developmentRegion = en;
			hasScannedForEncodings = 0;
			knownRegions = (
				en,
				Base,
			);
			mainGroup = 1E46FA4024992F5A00631906;
			productRefGroup = 1E46FA4A24992F5A00631906 /* Products */;
			projectDirPath = "";
			projectRoot = "";
			targets = (
				1E46FA4824992F5A00631906 /* OOTD */,
				1E46FA5E24992F5C00631906 /* OOTDTests */,
				1E46FA6924992F5D00631906 /* OOTDUITests */,
			);
		};
/* End PBXProject section */

/* Begin PBXResourcesBuildPhase section */
		1E46FA4724992F5A00631906 /* Resources */ = {
			isa = PBXResourcesBuildPhase;
			buildActionMask = 2147483647;
			files = (
				1E46FABE2499B17D00631906 /* Main.storyboard in Resources */,
				1E46FAB424997DF800631906 /* MavenPro-Black.ttf in Resources */,
				1E46FAB724997DF800631906 /* MavenPro-Bold.ttf in Resources */,
				1E46FAB524997DF800631906 /* MavenPro-Regular.ttf in Resources */,
				1E46FA5924992F5C00631906 /* LaunchScreen.storyboard in Resources */,
				1E46FA5624992F5C00631906 /* Assets.xcassets in Resources */,
				1E46FAB624997DF800631906 /* MavenPro-Medium.ttf in Resources */,
			);
			runOnlyForDeploymentPostprocessing = 0;
		};
		1E46FA5D24992F5C00631906 /* Resources */ = {
			isa = PBXResourcesBuildPhase;
			buildActionMask = 2147483647;
			files = (
			);
			runOnlyForDeploymentPostprocessing = 0;
		};
		1E46FA6824992F5D00631906 /* Resources */ = {
			isa = PBXResourcesBuildPhase;
			buildActionMask = 2147483647;
			files = (
			);
			runOnlyForDeploymentPostprocessing = 0;
		};
/* End PBXResourcesBuildPhase section */

/* Begin PBXShellScriptBuildPhase section */
		2627BB866BB97D29AB3858D8 /* [CP] Check Pods Manifest.lock */ = {
			isa = PBXShellScriptBuildPhase;
			buildActionMask = 2147483647;
			files = (
			);
			inputFileListPaths = (
			);
			inputPaths = (
				"${PODS_PODFILE_DIR_PATH}/Podfile.lock",
				"${PODS_ROOT}/Manifest.lock",
			);
			name = "[CP] Check Pods Manifest.lock";
			outputFileListPaths = (
			);
			outputPaths = (
				"$(DERIVED_FILE_DIR)/Pods-OOTD-checkManifestLockResult.txt",
			);
			runOnlyForDeploymentPostprocessing = 0;
			shellPath = /bin/sh;
			shellScript = "diff \"${PODS_PODFILE_DIR_PATH}/Podfile.lock\" \"${PODS_ROOT}/Manifest.lock\" > /dev/null\nif [ $? != 0 ] ; then\n    # print error to STDERR\n    echo \"error: The sandbox is not in sync with the Podfile.lock. Run 'pod install' or update your CocoaPods installation.\" >&2\n    exit 1\nfi\n# This output is used by Xcode 'outputs' to avoid re-running this script phase.\necho \"SUCCESS\" > \"${SCRIPT_OUTPUT_FILE_0}\"\n";
			showEnvVarsInLog = 0;
		};
		563CDED1305901D7CD948DA9 /* [CP] Check Pods Manifest.lock */ = {
			isa = PBXShellScriptBuildPhase;
			buildActionMask = 2147483647;
			files = (
			);
			inputFileListPaths = (
			);
			inputPaths = (
				"${PODS_PODFILE_DIR_PATH}/Podfile.lock",
				"${PODS_ROOT}/Manifest.lock",
			);
			name = "[CP] Check Pods Manifest.lock";
			outputFileListPaths = (
			);
			outputPaths = (
				"$(DERIVED_FILE_DIR)/Pods-OOTD-OOTDUITests-checkManifestLockResult.txt",
			);
			runOnlyForDeploymentPostprocessing = 0;
			shellPath = /bin/sh;
			shellScript = "diff \"${PODS_PODFILE_DIR_PATH}/Podfile.lock\" \"${PODS_ROOT}/Manifest.lock\" > /dev/null\nif [ $? != 0 ] ; then\n    # print error to STDERR\n    echo \"error: The sandbox is not in sync with the Podfile.lock. Run 'pod install' or update your CocoaPods installation.\" >&2\n    exit 1\nfi\n# This output is used by Xcode 'outputs' to avoid re-running this script phase.\necho \"SUCCESS\" > \"${SCRIPT_OUTPUT_FILE_0}\"\n";
			showEnvVarsInLog = 0;
		};
		610607D999C923335D835192 /* [CP] Embed Pods Frameworks */ = {
			isa = PBXShellScriptBuildPhase;
			buildActionMask = 2147483647;
			files = (
			);
			inputFileListPaths = (
				"${PODS_ROOT}/Target Support Files/Pods-OOTD/Pods-OOTD-frameworks-${CONFIGURATION}-input-files.xcfilelist",
			);
			name = "[CP] Embed Pods Frameworks";
			outputFileListPaths = (
				"${PODS_ROOT}/Target Support Files/Pods-OOTD/Pods-OOTD-frameworks-${CONFIGURATION}-output-files.xcfilelist",
			);
			runOnlyForDeploymentPostprocessing = 0;
			shellPath = /bin/sh;
			shellScript = "\"${PODS_ROOT}/Target Support Files/Pods-OOTD/Pods-OOTD-frameworks.sh\"\n";
			showEnvVarsInLog = 0;
		};
		913A9E836ED377C61ABCFA98 /* [CP] Embed Pods Frameworks */ = {
			isa = PBXShellScriptBuildPhase;
			buildActionMask = 2147483647;
			files = (
			);
			inputFileListPaths = (
				"${PODS_ROOT}/Target Support Files/Pods-OOTD-OOTDUITests/Pods-OOTD-OOTDUITests-frameworks-${CONFIGURATION}-input-files.xcfilelist",
			);
			name = "[CP] Embed Pods Frameworks";
			outputFileListPaths = (
				"${PODS_ROOT}/Target Support Files/Pods-OOTD-OOTDUITests/Pods-OOTD-OOTDUITests-frameworks-${CONFIGURATION}-output-files.xcfilelist",
			);
			runOnlyForDeploymentPostprocessing = 0;
			shellPath = /bin/sh;
			shellScript = "\"${PODS_ROOT}/Target Support Files/Pods-OOTD-OOTDUITests/Pods-OOTD-OOTDUITests-frameworks.sh\"\n";
			showEnvVarsInLog = 0;
		};
		C43A3E2E4947A0D5862A7DA8 /* [CP] Check Pods Manifest.lock */ = {
			isa = PBXShellScriptBuildPhase;
			buildActionMask = 2147483647;
			files = (
			);
			inputFileListPaths = (
			);
			inputPaths = (
				"${PODS_PODFILE_DIR_PATH}/Podfile.lock",
				"${PODS_ROOT}/Manifest.lock",
			);
			name = "[CP] Check Pods Manifest.lock";
			outputFileListPaths = (
			);
			outputPaths = (
				"$(DERIVED_FILE_DIR)/Pods-OOTDTests-checkManifestLockResult.txt",
			);
			runOnlyForDeploymentPostprocessing = 0;
			shellPath = /bin/sh;
			shellScript = "diff \"${PODS_PODFILE_DIR_PATH}/Podfile.lock\" \"${PODS_ROOT}/Manifest.lock\" > /dev/null\nif [ $? != 0 ] ; then\n    # print error to STDERR\n    echo \"error: The sandbox is not in sync with the Podfile.lock. Run 'pod install' or update your CocoaPods installation.\" >&2\n    exit 1\nfi\n# This output is used by Xcode 'outputs' to avoid re-running this script phase.\necho \"SUCCESS\" > \"${SCRIPT_OUTPUT_FILE_0}\"\n";
			showEnvVarsInLog = 0;
		};
/* End PBXShellScriptBuildPhase section */

/* Begin PBXSourcesBuildPhase section */
		1E46FA4524992F5A00631906 /* Sources */ = {
			isa = PBXSourcesBuildPhase;
			buildActionMask = 2147483647;
			files = (
				1E46FAC12499C18200631906 /* OOTDUserMainPage.swift in Sources */,
				1E67908224A71F9F00937631 /* OOTDIconToolBarModel.swift in Sources */,
				1E46FA9924997BA000631906 /* QUploadImageView.swift in Sources */,
				1E67908024A71F9F00937631 /* OOTDTextToolBar.swift in Sources */,
				1E67907F24A71F9F00937631 /* OOTDIconToolBarCell.swift in Sources */,
				1E4CB321249DD9940058689B /* WearRealmModel.swift in Sources */,
				1E46FA9824997BA000631906 /* QImageFile.swift in Sources */,
				1E67906924A7166300937631 /* OOTDLayerEditPage.swift in Sources */,
				1E46FA9624997BA000631906 /* QLogoView.swift in Sources */,
				1E4B8FB4249D22EA006D9DE5 /* OOTDOneTypeClothesMainPage.swift in Sources */,
				1E67908324A71F9F00937631 /* OOTDTextToolBarModel.swift in Sources */,
				1E67908624A7284500937631 /* OOTDClothesImageEditArea.swift in Sources */,
				1E42FD2B24A5534800DAE51D /* OOTDEditWearPage.swift in Sources */,
				1E42FD2824A5436D00DAE51D /* OOTDWearColcViewCell.swift in Sources */,
				1E67907124A71A3800937631 /* OOTDClothesGridCell.swift in Sources */,
				1E46FAC52499CFEC00631906 /* OOTDOneTypeClothesColcView.swift in Sources */,
				1E46FAC7249A869500631906 /* OOTDClothesTypeView.swift in Sources */,
				1E67908124A71F9F00937631 /* OOTDTextToolBarCell.swift in Sources */,
				1E42FD2624A5433600DAE51D /* OOTDWearColcView.swift in Sources */,
				1E67908C24A86E5200937631 /* OOTDClosetTypePager.swift in Sources */,
				1E67906A24A7166300937631 /* OOTDLayerEditCell.swift in Sources */,
				1E46FA8E24997BA000631906 /* QLoginMethod.swift in Sources */,
				1E4CB323249DF1730058689B /* WearClothesRealmModel.swift in Sources */,
				1E4CB327249F13BA0058689B /* OOTDUserTitleView.swift in Sources */,
				1E67908A24A7291300937631 /* OOTDStickerView.swift in Sources */,
				1E46FA8F24997BA000631906 /* QLoginPage.swift in Sources */,
				1E46FA7D24997AC000631906 /* OOTDConstant.swift in Sources */,
				1E46FA9724997BA000631906 /* File.swift in Sources */,
				1E46FAB824997DF800631906 /* UserRealmModel.swift in Sources */,
				1E4CB325249DF2810058689B /* StickerViewProtocol.swift in Sources */,
				1E42FD2424A42BBF00DAE51D /* OOTDAddClothesItemPage.swift in Sources */,
				1E46FA9A24997BA000631906 /* QTextInputView.swift in Sources */,
				1E67907224A71A3800937631 /* OOTDClothesPagerCell.swift in Sources */,
				1E4CB329249F14A70058689B /* OOTDUserAboutUsPage.swift in Sources */,
				1E46FA4D24992F5A00631906 /* AppDelegate.swift in Sources */,
				1E67907324A71A3800937631 /* OOTDClosetSubTypePagerCell.swift in Sources */,
				1E67907524A71A3800937631 /* OOTDClosetView.swift in Sources */,
				1E46FA4F24992F5A00631906 /* SceneDelegate.swift in Sources */,
				1E46FABC24997DF800631906 /* OOTDWearMainPage.swift in Sources */,
				1E4B8FB2249D15E2006D9DE5 /* ClothesRealmModel.swift in Sources */,
				1E46FA9024997BA000631906 /* QSignUpPage.swift in Sources */,
				1E46FAB924997DF800631906 /* QMainTabView.swift in Sources */,
				1E67908424A71F9F00937631 /* OOTDIconToolBar.swift in Sources */,
				1E46FABA24997DF800631906 /* OOTDClosetMainPage.swift in Sources */,
				1E46FA9524997BA000631906 /* QTextInputWithLabelField.swift in Sources */,
				1E46FAC32499CFB600631906 /* OOTDClosetMainViewCell.swift in Sources */,
			);
			runOnlyForDeploymentPostprocessing = 0;
		};
		1E46FA5B24992F5C00631906 /* Sources */ = {
			isa = PBXSourcesBuildPhase;
			buildActionMask = 2147483647;
			files = (
				1E46FA6424992F5C00631906 /* OOTDTests.swift in Sources */,
			);
			runOnlyForDeploymentPostprocessing = 0;
		};
		1E46FA6624992F5D00631906 /* Sources */ = {
			isa = PBXSourcesBuildPhase;
			buildActionMask = 2147483647;
			files = (
				1E46FA6F24992F5D00631906 /* OOTDUITests.swift in Sources */,
			);
			runOnlyForDeploymentPostprocessing = 0;
		};
/* End PBXSourcesBuildPhase section */

/* Begin PBXTargetDependency section */
		1E46FA6124992F5C00631906 /* PBXTargetDependency */ = {
			isa = PBXTargetDependency;
			target = 1E46FA4824992F5A00631906 /* OOTD */;
			targetProxy = 1E46FA6024992F5C00631906 /* PBXContainerItemProxy */;
		};
		1E46FA6C24992F5D00631906 /* PBXTargetDependency */ = {
			isa = PBXTargetDependency;
			target = 1E46FA4824992F5A00631906 /* OOTD */;
			targetProxy = 1E46FA6B24992F5D00631906 /* PBXContainerItemProxy */;
		};
/* End PBXTargetDependency section */

/* Begin PBXVariantGroup section */
		1E46FA5724992F5C00631906 /* LaunchScreen.storyboard */ = {
			isa = PBXVariantGroup;
			children = (
				1E46FA5824992F5C00631906 /* Base */,
			);
			name = LaunchScreen.storyboard;
			sourceTree = "<group>";
		};
/* End PBXVariantGroup section */

/* Begin XCBuildConfiguration section */
		1E46FA7124992F5D00631906 /* Debug */ = {
			isa = XCBuildConfiguration;
			buildSettings = {
				ALWAYS_SEARCH_USER_PATHS = NO;
				CLANG_ANALYZER_NONNULL = YES;
				CLANG_ANALYZER_NUMBER_OBJECT_CONVERSION = YES_AGGRESSIVE;
				CLANG_CXX_LANGUAGE_STANDARD = "gnu++14";
				CLANG_CXX_LIBRARY = "libc++";
				CLANG_ENABLE_MODULES = YES;
				CLANG_ENABLE_OBJC_ARC = YES;
				CLANG_ENABLE_OBJC_WEAK = YES;
				CLANG_WARN_BLOCK_CAPTURE_AUTORELEASING = YES;
				CLANG_WARN_BOOL_CONVERSION = YES;
				CLANG_WARN_COMMA = YES;
				CLANG_WARN_CONSTANT_CONVERSION = YES;
				CLANG_WARN_DEPRECATED_OBJC_IMPLEMENTATIONS = YES;
				CLANG_WARN_DIRECT_OBJC_ISA_USAGE = YES_ERROR;
				CLANG_WARN_DOCUMENTATION_COMMENTS = YES;
				CLANG_WARN_EMPTY_BODY = YES;
				CLANG_WARN_ENUM_CONVERSION = YES;
				CLANG_WARN_INFINITE_RECURSION = YES;
				CLANG_WARN_INT_CONVERSION = YES;
				CLANG_WARN_NON_LITERAL_NULL_CONVERSION = YES;
				CLANG_WARN_OBJC_IMPLICIT_RETAIN_SELF = YES;
				CLANG_WARN_OBJC_LITERAL_CONVERSION = YES;
				CLANG_WARN_OBJC_ROOT_CLASS = YES_ERROR;
				CLANG_WARN_RANGE_LOOP_ANALYSIS = YES;
				CLANG_WARN_STRICT_PROTOTYPES = YES;
				CLANG_WARN_SUSPICIOUS_MOVE = YES;
				CLANG_WARN_UNGUARDED_AVAILABILITY = YES_AGGRESSIVE;
				CLANG_WARN_UNREACHABLE_CODE = YES;
				CLANG_WARN__DUPLICATE_METHOD_MATCH = YES;
				COPY_PHASE_STRIP = NO;
				DEBUG_INFORMATION_FORMAT = dwarf;
				ENABLE_STRICT_OBJC_MSGSEND = YES;
				ENABLE_TESTABILITY = YES;
				GCC_C_LANGUAGE_STANDARD = gnu11;
				GCC_DYNAMIC_NO_PIC = NO;
				GCC_NO_COMMON_BLOCKS = YES;
				GCC_OPTIMIZATION_LEVEL = 0;
				GCC_PREPROCESSOR_DEFINITIONS = (
					"DEBUG=1",
					"$(inherited)",
				);
				GCC_WARN_64_TO_32_BIT_CONVERSION = YES;
				GCC_WARN_ABOUT_RETURN_TYPE = YES_ERROR;
				GCC_WARN_UNDECLARED_SELECTOR = YES;
				GCC_WARN_UNINITIALIZED_AUTOS = YES_AGGRESSIVE;
				GCC_WARN_UNUSED_FUNCTION = YES;
				GCC_WARN_UNUSED_VARIABLE = YES;
				IPHONEOS_DEPLOYMENT_TARGET = 13.1;
				MTL_ENABLE_DEBUG_INFO = INCLUDE_SOURCE;
				MTL_FAST_MATH = YES;
				ONLY_ACTIVE_ARCH = YES;
				SDKROOT = iphoneos;
				SWIFT_ACTIVE_COMPILATION_CONDITIONS = DEBUG;
				SWIFT_OPTIMIZATION_LEVEL = "-Onone";
			};
			name = Debug;
		};
		1E46FA7224992F5D00631906 /* Release */ = {
			isa = XCBuildConfiguration;
			buildSettings = {
				ALWAYS_SEARCH_USER_PATHS = NO;
				CLANG_ANALYZER_NONNULL = YES;
				CLANG_ANALYZER_NUMBER_OBJECT_CONVERSION = YES_AGGRESSIVE;
				CLANG_CXX_LANGUAGE_STANDARD = "gnu++14";
				CLANG_CXX_LIBRARY = "libc++";
				CLANG_ENABLE_MODULES = YES;
				CLANG_ENABLE_OBJC_ARC = YES;
				CLANG_ENABLE_OBJC_WEAK = YES;
				CLANG_WARN_BLOCK_CAPTURE_AUTORELEASING = YES;
				CLANG_WARN_BOOL_CONVERSION = YES;
				CLANG_WARN_COMMA = YES;
				CLANG_WARN_CONSTANT_CONVERSION = YES;
				CLANG_WARN_DEPRECATED_OBJC_IMPLEMENTATIONS = YES;
				CLANG_WARN_DIRECT_OBJC_ISA_USAGE = YES_ERROR;
				CLANG_WARN_DOCUMENTATION_COMMENTS = YES;
				CLANG_WARN_EMPTY_BODY = YES;
				CLANG_WARN_ENUM_CONVERSION = YES;
				CLANG_WARN_INFINITE_RECURSION = YES;
				CLANG_WARN_INT_CONVERSION = YES;
				CLANG_WARN_NON_LITERAL_NULL_CONVERSION = YES;
				CLANG_WARN_OBJC_IMPLICIT_RETAIN_SELF = YES;
				CLANG_WARN_OBJC_LITERAL_CONVERSION = YES;
				CLANG_WARN_OBJC_ROOT_CLASS = YES_ERROR;
				CLANG_WARN_RANGE_LOOP_ANALYSIS = YES;
				CLANG_WARN_STRICT_PROTOTYPES = YES;
				CLANG_WARN_SUSPICIOUS_MOVE = YES;
				CLANG_WARN_UNGUARDED_AVAILABILITY = YES_AGGRESSIVE;
				CLANG_WARN_UNREACHABLE_CODE = YES;
				CLANG_WARN__DUPLICATE_METHOD_MATCH = YES;
				COPY_PHASE_STRIP = NO;
				DEBUG_INFORMATION_FORMAT = "dwarf-with-dsym";
				ENABLE_NS_ASSERTIONS = NO;
				ENABLE_STRICT_OBJC_MSGSEND = YES;
				GCC_C_LANGUAGE_STANDARD = gnu11;
				GCC_NO_COMMON_BLOCKS = YES;
				GCC_WARN_64_TO_32_BIT_CONVERSION = YES;
				GCC_WARN_ABOUT_RETURN_TYPE = YES_ERROR;
				GCC_WARN_UNDECLARED_SELECTOR = YES;
				GCC_WARN_UNINITIALIZED_AUTOS = YES_AGGRESSIVE;
				GCC_WARN_UNUSED_FUNCTION = YES;
				GCC_WARN_UNUSED_VARIABLE = YES;
				IPHONEOS_DEPLOYMENT_TARGET = 13.1;
				MTL_ENABLE_DEBUG_INFO = NO;
				MTL_FAST_MATH = YES;
				SDKROOT = iphoneos;
				SWIFT_COMPILATION_MODE = wholemodule;
				SWIFT_OPTIMIZATION_LEVEL = "-O";
				VALIDATE_PRODUCT = YES;
			};
			name = Release;
		};
		1E46FA7424992F5D00631906 /* Debug */ = {
			isa = XCBuildConfiguration;
			baseConfigurationReference = 9184C62D96B1EE872A0792F0 /* Pods-OOTD.debug.xcconfig */;
			buildSettings = {
				ASSETCATALOG_COMPILER_APPICON_NAME = AppIcon;
				CODE_SIGN_STYLE = Automatic;
				DEVELOPMENT_TEAM = H5QX8943PT;
				INFOPLIST_FILE = OOTD/Info.plist;
				LD_RUNPATH_SEARCH_PATHS = (
					"$(inherited)",
					"@executable_path/Frameworks",
				);
				PRODUCT_BUNDLE_IDENTIFIER = student.OOTD;
				PRODUCT_NAME = "$(TARGET_NAME)";
				SWIFT_VERSION = 5.0;
				TARGETED_DEVICE_FAMILY = "1,2";
			};
			name = Debug;
		};
		1E46FA7524992F5D00631906 /* Release */ = {
			isa = XCBuildConfiguration;
			baseConfigurationReference = 7F0F2ACCDC316747C324A049 /* Pods-OOTD.release.xcconfig */;
			buildSettings = {
				ASSETCATALOG_COMPILER_APPICON_NAME = AppIcon;
				CODE_SIGN_STYLE = Automatic;
				DEVELOPMENT_TEAM = H5QX8943PT;
				INFOPLIST_FILE = OOTD/Info.plist;
				LD_RUNPATH_SEARCH_PATHS = (
					"$(inherited)",
					"@executable_path/Frameworks",
				);
				PRODUCT_BUNDLE_IDENTIFIER = student.OOTD;
				PRODUCT_NAME = "$(TARGET_NAME)";
				SWIFT_VERSION = 5.0;
				TARGETED_DEVICE_FAMILY = "1,2";
			};
			name = Release;
		};
		1E46FA7724992F5D00631906 /* Debug */ = {
			isa = XCBuildConfiguration;
			baseConfigurationReference = F558ECA92A904B13B0E663E6 /* Pods-OOTDTests.debug.xcconfig */;
			buildSettings = {
				ALWAYS_EMBED_SWIFT_STANDARD_LIBRARIES = YES;
				BUNDLE_LOADER = "$(TEST_HOST)";
				CODE_SIGN_STYLE = Automatic;
				DEVELOPMENT_TEAM = H5QX8943PT;
				INFOPLIST_FILE = OOTDTests/Info.plist;
				IPHONEOS_DEPLOYMENT_TARGET = 13.2;
				LD_RUNPATH_SEARCH_PATHS = (
					"$(inherited)",
					"@executable_path/Frameworks",
					"@loader_path/Frameworks",
				);
				PRODUCT_BUNDLE_IDENTIFIER = student.OOTDTests;
				PRODUCT_NAME = "$(TARGET_NAME)";
				SWIFT_VERSION = 5.0;
				TARGETED_DEVICE_FAMILY = "1,2";
				TEST_HOST = "$(BUILT_PRODUCTS_DIR)/OOTD.app/OOTD";
			};
			name = Debug;
		};
		1E46FA7824992F5D00631906 /* Release */ = {
			isa = XCBuildConfiguration;
			baseConfigurationReference = 285FD89C394E0B2B9B6BD397 /* Pods-OOTDTests.release.xcconfig */;
			buildSettings = {
				ALWAYS_EMBED_SWIFT_STANDARD_LIBRARIES = YES;
				BUNDLE_LOADER = "$(TEST_HOST)";
				CODE_SIGN_STYLE = Automatic;
				DEVELOPMENT_TEAM = H5QX8943PT;
				INFOPLIST_FILE = OOTDTests/Info.plist;
				IPHONEOS_DEPLOYMENT_TARGET = 13.2;
				LD_RUNPATH_SEARCH_PATHS = (
					"$(inherited)",
					"@executable_path/Frameworks",
					"@loader_path/Frameworks",
				);
				PRODUCT_BUNDLE_IDENTIFIER = student.OOTDTests;
				PRODUCT_NAME = "$(TARGET_NAME)";
				SWIFT_VERSION = 5.0;
				TARGETED_DEVICE_FAMILY = "1,2";
				TEST_HOST = "$(BUILT_PRODUCTS_DIR)/OOTD.app/OOTD";
			};
			name = Release;
		};
		1E46FA7A24992F5D00631906 /* Debug */ = {
			isa = XCBuildConfiguration;
			baseConfigurationReference = DAD491F2ED0790B0D0865198 /* Pods-OOTD-OOTDUITests.debug.xcconfig */;
			buildSettings = {
				ALWAYS_EMBED_SWIFT_STANDARD_LIBRARIES = YES;
				CODE_SIGN_STYLE = Automatic;
				DEVELOPMENT_TEAM = H5QX8943PT;
				INFOPLIST_FILE = OOTDUITests/Info.plist;
				LD_RUNPATH_SEARCH_PATHS = (
					"$(inherited)",
					"@executable_path/Frameworks",
					"@loader_path/Frameworks",
				);
				PRODUCT_BUNDLE_IDENTIFIER = student.OOTDUITests;
				PRODUCT_NAME = "$(TARGET_NAME)";
				SWIFT_VERSION = 5.0;
				TARGETED_DEVICE_FAMILY = "1,2";
				TEST_TARGET_NAME = OOTD;
			};
			name = Debug;
		};
		1E46FA7B24992F5D00631906 /* Release */ = {
			isa = XCBuildConfiguration;
			baseConfigurationReference = EFD38FACF10314DD76DB76BA /* Pods-OOTD-OOTDUITests.release.xcconfig */;
			buildSettings = {
				ALWAYS_EMBED_SWIFT_STANDARD_LIBRARIES = YES;
				CODE_SIGN_STYLE = Automatic;
				DEVELOPMENT_TEAM = H5QX8943PT;
				INFOPLIST_FILE = OOTDUITests/Info.plist;
				LD_RUNPATH_SEARCH_PATHS = (
					"$(inherited)",
					"@executable_path/Frameworks",
					"@loader_path/Frameworks",
				);
				PRODUCT_BUNDLE_IDENTIFIER = student.OOTDUITests;
				PRODUCT_NAME = "$(TARGET_NAME)";
				SWIFT_VERSION = 5.0;
				TARGETED_DEVICE_FAMILY = "1,2";
				TEST_TARGET_NAME = OOTD;
			};
			name = Release;
		};
/* End XCBuildConfiguration section */

/* Begin XCConfigurationList section */
		1E46FA4424992F5A00631906 /* Build configuration list for PBXProject "OOTD" */ = {
			isa = XCConfigurationList;
			buildConfigurations = (
				1E46FA7124992F5D00631906 /* Debug */,
				1E46FA7224992F5D00631906 /* Release */,
			);
			defaultConfigurationIsVisible = 0;
			defaultConfigurationName = Release;
		};
		1E46FA7324992F5D00631906 /* Build configuration list for PBXNativeTarget "OOTD" */ = {
			isa = XCConfigurationList;
			buildConfigurations = (
				1E46FA7424992F5D00631906 /* Debug */,
				1E46FA7524992F5D00631906 /* Release */,
			);
			defaultConfigurationIsVisible = 0;
			defaultConfigurationName = Release;
		};
		1E46FA7624992F5D00631906 /* Build configuration list for PBXNativeTarget "OOTDTests" */ = {
			isa = XCConfigurationList;
			buildConfigurations = (
				1E46FA7724992F5D00631906 /* Debug */,
				1E46FA7824992F5D00631906 /* Release */,
			);
			defaultConfigurationIsVisible = 0;
			defaultConfigurationName = Release;
		};
		1E46FA7924992F5D00631906 /* Build configuration list for PBXNativeTarget "OOTDUITests" */ = {
			isa = XCConfigurationList;
			buildConfigurations = (
				1E46FA7A24992F5D00631906 /* Debug */,
				1E46FA7B24992F5D00631906 /* Release */,
			);
			defaultConfigurationIsVisible = 0;
			defaultConfigurationName = Release;
		};
/* End XCConfigurationList section */
	};
	rootObject = 1E46FA4124992F5A00631906 /* Project object */;
}
